
Microsoft Visual Studio Solution File, Format Version 12.00
# Visual Studio Version 16
VisualStudioVersion = 16.0.32106.194
MinimumVisualStudioVersion = 10.0.40219.1
Project("{FAE04EC0-301F-11D3-BF4B-00C04F79EFBC}") = "PS4wpfDumper", "PS4wpfDumper\PS4wpfDumper.csproj", "{93AB011E-F640-472F-8039-E3558A384E3D}"
EndProject
Project("{2150E333-8FDC-42A3-9474-1A3956D46DE8}") = "Solution Items", "Solution Items", "{DE729398-2213-42D1-A8C4-7A5A21757AE0}"
	ProjectSection(SolutionItems) = preProject
		.editorconfig = .editorconfig
	EndProjectSection
EndProject
Global
	GlobalSection(SolutionConfigurationPlatforms) = preSolution
		Debug|Any CPU = Debug|Any CPU
		Debug|x64 = Debug|x64
		Release|Any CPU = Release|Any CPU
		Release|x64 = Release|x64
	EndGlobalSection
	GlobalSection(ProjectConfigurationPlatforms) = postSolution
		{93AB011E-F640-472F-8039-E3558A384E3D}.Debug|Any CPU.ActiveCfg = Debug|Any CPU
		{93AB011E-F640-472F-8039-E3558A384E3D}.Debug|x64.ActiveCfg = Debug|x64
		{93AB011E-F640-472F-8039-E3558A384E3D}.Debug|x64.Build.0 = Debug|x64
		{93AB011E-F640-472F-8039-E3558A384E3D}.Release|Any CPU.ActiveCfg = Release|Any CPU
		{93AB011E-F640-472F-8039-E3558A384E3D}.Release|x64.ActiveCfg = Release|x64
		{93AB011E-F640-472F-8039-E3558A384E3D}.Release|x64.Build.0 = Release|x64
	EndGlobalSection
	GlobalSection(SolutionProperties) = preSolution
		HideSolutionNode = FALSE
	EndGlobalSection
	GlobalSection(ExtensibilityGlobals) = postSolution
		SolutionGuid = {E0D1258E-2A27-41F3-9B29-22656EBFE30F}
	EndGlobalSection
EndGlobal
